
Microsoft Visual Studio Solution File, Format Version 12.00
# Visual Studio Version 17
VisualStudioVersion = 17.0.31903.59
MinimumVisualStudioVersion = 10.0.40219.1
Project("{2150E333-8FDC-42A3-9474-1A3956D46DE8}") = "Class01", "Class01", "{917549EC-BEA0-4D58-AF9B-6FD3DB457D9E}"
EndProject
Project("{2150E333-8FDC-42A3-9474-1A3956D46DE8}") = "Class02", "Class02", "{9226D2D7-E3F9-4C89-90DB-6E38E9658AF8}"
EndProject
Project("{2150E333-8FDC-42A3-9474-1A3956D46DE8}") = "Class03", "Class03", "{835AD1A6-19F9-42C7-B95C-5898052B58C8}"
EndProject
Project("{2150E333-8FDC-42A3-9474-1A3956D46DE8}") = "Class04", "Class04", "{E9DB46C1-C25E-4CE9-860A-4F93BF43CF49}"
EndProject
Project("{2150E333-8FDC-42A3-9474-1A3956D46DE8}") = "Class05", "Class05", "{CF74F300-0ACC-4A3A-A5A5-07F4F94C9AD9}"
EndProject
Project("{2150E333-8FDC-42A3-9474-1A3956D46DE8}") = "Class06", "Class06", "{562B3F1C-8E26-40B6-8818-741A50BD27F9}"
EndProject
Project("{2150E333-8FDC-42A3-9474-1A3956D46DE8}") = "Class07", "Class07", "{35D47890-AA8A-4CCE-B32C-2A17874CBC88}"
EndProject
Project("{2150E333-8FDC-42A3-9474-1A3956D46DE8}") = "Class08", "Class08", "{D250CF10-8C6D-48EF-92AC-70621E617A81}"
EndProject
Project("{2150E333-8FDC-42A3-9474-1A3956D46DE8}") = "Class09", "Class09", "{3ECEFF08-AA76-44FF-93F0-A51B5C912E89}"
EndProject
Project("{2150E333-8FDC-42A3-9474-1A3956D46DE8}") = "Class10", "Class10", "{32E916DF-7C09-4EBC-BBE8-30A2E0BFDA4F}"
EndProject
Project("{9A19103F-16F7-4668-BE54-9A1E7A4F7556}") = "OurFirstProgram", "Class01\ConsoleApp1\OurFirstProgram.csproj", "{4A14EF50-CF45-4493-841D-02B0E49FD246}"
EndProject
Project("{9A19103F-16F7-4668-BE54-9A1E7A4F7556}") = "Branching", "Class02\Branching\Branching.csproj", "{896CDF9B-42AD-45AD-89F5-DC1A4669E68A}"
EndProject
Project("{9A19103F-16F7-4668-BE54-9A1E7A4F7556}") = "CSharpDataTypes", "Class02\CSharpDataTypes\CSharpDataTypes.csproj", "{9764DDEB-310C-4C31-A1EA-4F4F2A07A74A}"
EndProject
Project("{9A19103F-16F7-4668-BE54-9A1E7A4F7556}") = "Parsing", "Class02\Parsing\Parsing.csproj", "{EFAD2BE3-E2FB-45B3-97B2-C93493602E15}"
EndProject
Project("{9A19103F-16F7-4668-BE54-9A1E7A4F7556}") = "Arrays", "Class03\Arrays\Arrays.csproj", "{B2A1FC34-7ABB-4A8B-96D5-7147207D916E}"
EndProject
Project("{9A19103F-16F7-4668-BE54-9A1E7A4F7556}") = "Loops", "Class03\Loops\Loops.csproj", "{C64ED774-B80B-4124-894B-8D4096C9DEA3}"
EndProject
Project("{9A19103F-16F7-4668-BE54-9A1E7A4F7556}") = "Methods", "Class04\Methods\Methods.csproj", "{F64C6CE5-7C05-4FCD-99D7-7714BE46130F}"
EndProject
Project("{9A19103F-16F7-4668-BE54-9A1E7A4F7556}") = "WorkWithStrings", "Class04\WorkWithStrings\WorkWithStrings.csproj", "{6B11A372-42D2-4256-A0A0-7968C7A54A22}"
EndProject
Project("{9A19103F-16F7-4668-BE54-9A1E7A4F7556}") = "ClassesOOP", "Class05\ClassesOOP\ClassesOOP.csproj", "{E0C46F1A-744F-4C93-802D-4FAC3554D316}"
EndProject
Project("{9A19103F-16F7-4668-BE54-9A1E7A4F7556}") = "WorkingWithDates", "Class04\WorkingWithDates\WorkingWithDates.csproj", "{63DC27F3-8DCE-4DE4-8BCD-7C4BA44BD557}"
EndProject
Project("{9A19103F-16F7-4668-BE54-9A1E7A4F7556}") = "Task1", "Class06\Task1\Task1.csproj", "{039EE8EF-7F49-40D1-8FDA-9B3170088C4E}"
EndProject
Project("{9A19103F-16F7-4668-BE54-9A1E7A4F7556}") = "Task2", "Class06\Task2\Task2.csproj", "{479C42BF-24AE-4B4E-9BCC-D1335E47AD1D}"
EndProject
Project("{9A19103F-16F7-4668-BE54-9A1E7A4F7556}") = "Task3", "Class06\Task3\Task3.csproj", "{2083496C-6008-4505-84CC-FFC733464ABD}"
EndProject
Project("{9A19103F-16F7-4668-BE54-9A1E7A4F7556}") = "Task4", "Class06\Task4\Task4.csproj", "{C7D9B602-768D-4F16-90F8-FC43B53CE73D}"
EndProject
Project("{9A19103F-16F7-4668-BE54-9A1E7A4F7556}") = "Task33", "Class06\Task33\Task33.csproj", "{220FA9A2-F675-4F18-AA6C-391BC254C7FE}"
EndProject
Global
	GlobalSection(SolutionConfigurationPlatforms) = preSolution
		Debug|Any CPU = Debug|Any CPU
		Release|Any CPU = Release|Any CPU
	EndGlobalSection
	GlobalSection(ProjectConfigurationPlatforms) = postSolution
		{4A14EF50-CF45-4493-841D-02B0E49FD246}.Debug|Any CPU.ActiveCfg = Debug|Any CPU
		{4A14EF50-CF45-4493-841D-02B0E49FD246}.Debug|Any CPU.Build.0 = Debug|Any CPU
		{4A14EF50-CF45-4493-841D-02B0E49FD246}.Release|Any CPU.ActiveCfg = Release|Any CPU
		{4A14EF50-CF45-4493-841D-02B0E49FD246}.Release|Any CPU.Build.0 = Release|Any CPU
		{896CDF9B-42AD-45AD-89F5-DC1A4669E68A}.Debug|Any CPU.ActiveCfg = Debug|Any CPU
		{896CDF9B-42AD-45AD-89F5-DC1A4669E68A}.Debug|Any CPU.Build.0 = Debug|Any CPU
		{896CDF9B-42AD-45AD-89F5-DC1A4669E68A}.Release|Any CPU.ActiveCfg = Release|Any CPU
		{896CDF9B-42AD-45AD-89F5-DC1A4669E68A}.Release|Any CPU.Build.0 = Release|Any CPU
		{9764DDEB-310C-4C31-A1EA-4F4F2A07A74A}.Debug|Any CPU.ActiveCfg = Debug|Any CPU
		{9764DDEB-310C-4C31-A1EA-4F4F2A07A74A}.Debug|Any CPU.Build.0 = Debug|Any CPU
		{9764DDEB-310C-4C31-A1EA-4F4F2A07A74A}.Release|Any CPU.ActiveCfg = Release|Any CPU
		{9764DDEB-310C-4C31-A1EA-4F4F2A07A74A}.Release|Any CPU.Build.0 = Release|Any CPU
		{EFAD2BE3-E2FB-45B3-97B2-C93493602E15}.Debug|Any CPU.ActiveCfg = Debug|Any CPU
		{EFAD2BE3-E2FB-45B3-97B2-C93493602E15}.Debug|Any CPU.Build.0 = Debug|Any CPU
		{EFAD2BE3-E2FB-45B3-97B2-C93493602E15}.Release|Any CPU.ActiveCfg = Release|Any CPU
		{EFAD2BE3-E2FB-45B3-97B2-C93493602E15}.Release|Any CPU.Build.0 = Release|Any CPU
		{B2A1FC34-7ABB-4A8B-96D5-7147207D916E}.Debug|Any CPU.ActiveCfg = Debug|Any CPU
		{B2A1FC34-7ABB-4A8B-96D5-7147207D916E}.Debug|Any CPU.Build.0 = Debug|Any CPU
		{B2A1FC34-7ABB-4A8B-96D5-7147207D916E}.Release|Any CPU.ActiveCfg = Release|Any CPU
		{B2A1FC34-7ABB-4A8B-96D5-7147207D916E}.Release|Any CPU.Build.0 = Release|Any CPU
		{C64ED774-B80B-4124-894B-8D4096C9DEA3}.Debug|Any CPU.ActiveCfg = Debug|Any CPU
		{C64ED774-B80B-4124-894B-8D4096C9DEA3}.Debug|Any CPU.Build.0 = Debug|Any CPU
		{C64ED774-B80B-4124-894B-8D4096C9DEA3}.Release|Any CPU.ActiveCfg = Release|Any CPU
		{C64ED774-B80B-4124-894B-8D4096C9DEA3}.Release|Any CPU.Build.0 = Release|Any CPU
		{F64C6CE5-7C05-4FCD-99D7-7714BE46130F}.Debug|Any CPU.ActiveCfg = Debug|Any CPU
		{F64C6CE5-7C05-4FCD-99D7-7714BE46130F}.Debug|Any CPU.Build.0 = Debug|Any CPU
		{F64C6CE5-7C05-4FCD-99D7-7714BE46130F}.Release|Any CPU.ActiveCfg = Release|Any CPU
		{F64C6CE5-7C05-4FCD-99D7-7714BE46130F}.Release|Any CPU.Build.0 = Release|Any CPU
		{6B11A372-42D2-4256-A0A0-7968C7A54A22}.Debug|Any CPU.ActiveCfg = Debug|Any CPU
		{6B11A372-42D2-4256-A0A0-7968C7A54A22}.Debug|Any CPU.Build.0 = Debug|Any CPU
		{6B11A372-42D2-4256-A0A0-7968C7A54A22}.Release|Any CPU.ActiveCfg = Release|Any CPU
		{6B11A372-42D2-4256-A0A0-7968C7A54A22}.Release|Any CPU.Build.0 = Release|Any CPU
		{E0C46F1A-744F-4C93-802D-4FAC3554D316}.Debug|Any CPU.ActiveCfg = Debug|Any CPU
		{E0C46F1A-744F-4C93-802D-4FAC3554D316}.Debug|Any CPU.Build.0 = Debug|Any CPU
		{E0C46F1A-744F-4C93-802D-4FAC3554D316}.Release|Any CPU.ActiveCfg = Release|Any CPU
		{E0C46F1A-744F-4C93-802D-4FAC3554D316}.Release|Any CPU.Build.0 = Release|Any CPU
		{63DC27F3-8DCE-4DE4-8BCD-7C4BA44BD557}.Debug|Any CPU.ActiveCfg = Debug|Any CPU
		{63DC27F3-8DCE-4DE4-8BCD-7C4BA44BD557}.Debug|Any CPU.Build.0 = Debug|Any CPU
		{63DC27F3-8DCE-4DE4-8BCD-7C4BA44BD557}.Release|Any CPU.ActiveCfg = Release|Any CPU
		{63DC27F3-8DCE-4DE4-8BCD-7C4BA44BD557}.Release|Any CPU.Build.0 = Release|Any CPU
		{039EE8EF-7F49-40D1-8FDA-9B3170088C4E}.Debug|Any CPU.ActiveCfg = Debug|Any CPU
		{039EE8EF-7F49-40D1-8FDA-9B3170088C4E}.Debug|Any CPU.Build.0 = Debug|Any CPU
		{039EE8EF-7F49-40D1-8FDA-9B3170088C4E}.Release|Any CPU.ActiveCfg = Release|Any CPU
		{039EE8EF-7F49-40D1-8FDA-9B3170088C4E}.Release|Any CPU.Build.0 = Release|Any CPU
		{479C42BF-24AE-4B4E-9BCC-D1335E47AD1D}.Debug|Any CPU.ActiveCfg = Debug|Any CPU
		{479C42BF-24AE-4B4E-9BCC-D1335E47AD1D}.Debug|Any CPU.Build.0 = Debug|Any CPU
		{479C42BF-24AE-4B4E-9BCC-D1335E47AD1D}.Release|Any CPU.ActiveCfg = Release|Any CPU
		{479C42BF-24AE-4B4E-9BCC-D1335E47AD1D}.Release|Any CPU.Build.0 = Release|Any CPU
		{2083496C-6008-4505-84CC-FFC733464ABD}.Debug|Any CPU.ActiveCfg = Debug|Any CPU
		{2083496C-6008-4505-84CC-FFC733464ABD}.Debug|Any CPU.Build.0 = Debug|Any CPU
		{2083496C-6008-4505-84CC-FFC733464ABD}.Release|Any CPU.ActiveCfg = Release|Any CPU
		{2083496C-6008-4505-84CC-FFC733464ABD}.Release|Any CPU.Build.0 = Release|Any CPU
		{C7D9B602-768D-4F16-90F8-FC43B53CE73D}.Debug|Any CPU.ActiveCfg = Debug|Any CPU
		{C7D9B602-768D-4F16-90F8-FC43B53CE73D}.Debug|Any CPU.Build.0 = Debug|Any CPU
		{C7D9B602-768D-4F16-90F8-FC43B53CE73D}.Release|Any CPU.ActiveCfg = Release|Any CPU
		{C7D9B602-768D-4F16-90F8-FC43B53CE73D}.Release|Any CPU.Build.0 = Release|Any CPU
		{220FA9A2-F675-4F18-AA6C-391BC254C7FE}.Debug|Any CPU.ActiveCfg = Debug|Any CPU
		{220FA9A2-F675-4F18-AA6C-391BC254C7FE}.Debug|Any CPU.Build.0 = Debug|Any CPU
		{220FA9A2-F675-4F18-AA6C-391BC254C7FE}.Release|Any CPU.ActiveCfg = Release|Any CPU
		{220FA9A2-F675-4F18-AA6C-391BC254C7FE}.Release|Any CPU.Build.0 = Release|Any CPU
	EndGlobalSection
	GlobalSection(SolutionProperties) = preSolution
		HideSolutionNode = FALSE
	EndGlobalSection
	GlobalSection(NestedProjects) = preSolution
		{4A14EF50-CF45-4493-841D-02B0E49FD246} = {917549EC-BEA0-4D58-AF9B-6FD3DB457D9E}
		{896CDF9B-42AD-45AD-89F5-DC1A4669E68A} = {9226D2D7-E3F9-4C89-90DB-6E38E9658AF8}
		{9764DDEB-310C-4C31-A1EA-4F4F2A07A74A} = {9226D2D7-E3F9-4C89-90DB-6E38E9658AF8}
		{EFAD2BE3-E2FB-45B3-97B2-C93493602E15} = {9226D2D7-E3F9-4C89-90DB-6E38E9658AF8}
		{B2A1FC34-7ABB-4A8B-96D5-7147207D916E} = {835AD1A6-19F9-42C7-B95C-5898052B58C8}
		{C64ED774-B80B-4124-894B-8D4096C9DEA3} = {835AD1A6-19F9-42C7-B95C-5898052B58C8}
		{F64C6CE5-7C05-4FCD-99D7-7714BE46130F} = {E9DB46C1-C25E-4CE9-860A-4F93BF43CF49}
		{6B11A372-42D2-4256-A0A0-7968C7A54A22} = {E9DB46C1-C25E-4CE9-860A-4F93BF43CF49}
		{E0C46F1A-744F-4C93-802D-4FAC3554D316} = {CF74F300-0ACC-4A3A-A5A5-07F4F94C9AD9}
		{63DC27F3-8DCE-4DE4-8BCD-7C4BA44BD557} = {E9DB46C1-C25E-4CE9-860A-4F93BF43CF49}
		{039EE8EF-7F49-40D1-8FDA-9B3170088C4E} = {562B3F1C-8E26-40B6-8818-741A50BD27F9}
		{479C42BF-24AE-4B4E-9BCC-D1335E47AD1D} = {562B3F1C-8E26-40B6-8818-741A50BD27F9}
		{2083496C-6008-4505-84CC-FFC733464ABD} = {562B3F1C-8E26-40B6-8818-741A50BD27F9}
		{C7D9B602-768D-4F16-90F8-FC43B53CE73D} = {562B3F1C-8E26-40B6-8818-741A50BD27F9}
		{220FA9A2-F675-4F18-AA6C-391BC254C7FE} = {562B3F1C-8E26-40B6-8818-741A50BD27F9}
	EndGlobalSection
	GlobalSection(ExtensibilityGlobals) = postSolution
		SolutionGuid = {29170795-25D3-497D-9AB1-234969FEE874}
	EndGlobalSection
EndGlobal
